
Microsoft Visual Studio Solution File, Format Version 12.00
# Visual Studio Version 17
VisualStudioVersion = 17.9.34714.143
MinimumVisualStudioVersion = 10.0.40219.1
Project("{9A19103F-16F7-4668-BE54-9A1E7A4F7556}") = "VCPSDK", "VCPSDK\VCPSDK.csproj", "{BF381301-4AD5-454C-A16A-AA8DFC59356D}"
EndProject
Project("{9A19103F-16F7-4668-BE54-9A1E7A4F7556}") = "DDPM.SA.Obfuscation", "..\Common\DDPM.SA.Obfuscation\DDPM.SA.Obfuscation.csproj", "{1A39EBE3-2DB8-4196-9670-59EDB33B1927}"
EndProject
Global
	GlobalSection(SolutionConfigurationPlatforms) = preSolution
		Debug|Any CPU = Debug|Any CPU
		Release|Any CPU = Release|Any CPU
	EndGlobalSection
	GlobalSection(ProjectConfigurationPlatforms) = postSolution
		{BF381301-4AD5-454C-A16A-AA8DFC59356D}.Debug|Any CPU.ActiveCfg = Debug|Any CPU
		{BF381301-4AD5-454C-A16A-AA8DFC59356D}.Debug|Any CPU.Build.0 = Debug|Any CPU
		{BF381301-4AD5-454C-A16A-AA8DFC59356D}.Release|Any CPU.ActiveCfg = Release|Any CPU
		{BF381301-4AD5-454C-A16A-AA8DFC59356D}.Release|Any CPU.Build.0 = Release|Any CPU
		{1A39EBE3-2DB8-4196-9670-59EDB33B1927}.Debug|Any CPU.ActiveCfg = Debug|Any CPU
		{1A39EBE3-2DB8-4196-9670-59EDB33B1927}.Debug|Any CPU.Build.0 = Debug|Any CPU
		{1A39EBE3-2DB8-4196-9670-59EDB33B1927}.Release|Any CPU.ActiveCfg = Release|Any CPU
		{1A39EBE3-2DB8-4196-9670-59EDB33B1927}.Release|Any CPU.Build.0 = Release|Any CPU
	EndGlobalSection
	GlobalSection(SolutionProperties) = preSolution
		HideSolutionNode = FALSE
	EndGlobalSection
	GlobalSection(ExtensibilityGlobals) = postSolution
		SolutionGuid = {0160DE86-82BE-4DEA-B267-A6539DC2AA06}
	EndGlobalSection
EndGlobal
